{
  "version": 1,
  "dependencies": {
    "net6.0": {
      "DnsClient": {
        "type": "Direct",
        "requested": "[1.8.0, )",
        "resolved": "1.8.0",
        "contentHash": "RRwtaCXkXWsx0mmsReGDqCbRLtItfUbkRJlet1FpdciVhyMGKcPd57T1+8Jki9ojHlq9fntVhXQroOOgRak8DQ=="
      },
      "IPAddressRange": {
        "type": "Direct",
        "requested": "[6.0.0, )",
        "resolved": "6.0.0",
        "contentHash": "3vLppw2bi+LjM/M5TRQBrQ2kRYFge3+aphf5FiKefEImBG/sUM5sYV2TVYbWnZTHTnW24Gc5CucsohGu/GN9gQ=="
      }
    },
    "net7.0": {
      "DnsClient": {
        "type": "Direct",
        "requested": "[1.8.0, )",
        "resolved": "1.8.0",
        "contentHash": "RRwtaCXkXWsx0mmsReGDqCbRLtItfUbkRJlet1FpdciVhyMGKcPd57T1+8Jki9ojHlq9fntVhXQroOOgRak8DQ=="
      },
      "IPAddressRange": {
        "type": "Direct",
        "requested": "[6.0.0, )",
        "resolved": "6.0.0",
        "contentHash": "3vLppw2bi+LjM/M5TRQBrQ2kRYFge3+aphf5FiKefEImBG/sUM5sYV2TVYbWnZTHTnW24Gc5CucsohGu/GN9gQ=="
      }
    },
    "net8.0": {
      "DnsClient": {
        "type": "Direct",
        "requested": "[1.8.0, )",
        "resolved": "1.8.0",
        "contentHash": "RRwtaCXkXWsx0mmsReGDqCbRLtItfUbkRJlet1FpdciVhyMGKcPd57T1+8Jki9ojHlq9fntVhXQroOOgRak8DQ=="
      },
      "IPAddressRange": {
        "type": "Direct",
        "requested": "[6.0.0, )",
        "resolved": "6.0.0",
        "contentHash": "3vLppw2bi+LjM/M5TRQBrQ2kRYFge3+aphf5FiKefEImBG/sUM5sYV2TVYbWnZTHTnW24Gc5CucsohGu/GN9gQ=="
      }
    }
  }
}